BRIL
BeamMonitor
BeamPixel
CSC
CTPPS
Castor
DT
Ecal
EcalCalibration
EcalPreshower
FED
FEDTest
HLT
HLTpb
Hcal
Hcal2
HcalCalib
Info
L1T
L1T2016
L1T2016EMU
L1TEMU
L1TEMUStage1
L1TStage1
Physics
Pixel
PixelLumi
PixelPhase1
PixelPhase1Timing
RPC
Scal
SiStrip
TrackTimingPixelPhase1
TrackingHLTBeamspotStream
